
Microsoft Visual Studio Solution File, Format Version 11.00
# Visual Studio 2010
Project("{F2A71F9B-5D33-465A-A702-920D77279786}") = "Lists", "BeginningFSharp\Lists.fsproj", "{148E355E-43D7-4262-95B6-8A5F4D7D8C99}"
EndProject
Project("{F2A71F9B-5D33-465A-A702-920D77279786}") = "Types", "Types\Types.fsproj", "{CE623FB2-699C-4B3D-B82C-CAFA726136C7}"
EndProject
Project("{F2A71F9B-5D33-465A-A702-920D77279786}") = "Volume", "Volume\Volume.fsproj", "{0EAD0661-C932-43E1-B917-EE799035C41D}"
EndProject
Project("{F2A71F9B-5D33-465A-A702-920D77279786}") = "Tree", "Tree\Tree.fsproj", "{38DCE517-CEA9-422A-A893-9A1642A7D1B0}"
EndProject
Project("{2150E333-8FDC-42A3-9474-1A3956D46DE8}") = "Chapter 3", "Chapter 3", "{72722574-F4A1-4940-96F0-E992A22D7D42}"
EndProject
Project("{2150E333-8FDC-42A3-9474-1A3956D46DE8}") = "Types", "Types", "{30C31C42-0166-4859-8A94-4293FD3C7315}"
EndProject
Project("{F2A71F9B-5D33-465A-A702-920D77279786}") = "ActivePatterns", "ActivePatterns\ActivePatterns.fsproj", "{CDAD091A-8912-4017-9030-D58103F87574}"
EndProject
Project("{F2A71F9B-5D33-465A-A702-920D77279786}") = "UnitsOfMeasure", "UnitsOfMeasure\UnitsOfMeasure.fsproj", "{3AA13CCA-1D9A-452D-9C28-994A79F49C6A}"
EndProject
Project("{F2A71F9B-5D33-465A-A702-920D77279786}") = "Exceptions", "Exceptions\Exceptions.fsproj", "{E4652A92-38A9-43E0-8BE0-EE982F5E23E5}"
EndProject
Project("{2150E333-8FDC-42A3-9474-1A3956D46DE8}") = "Chapter 4", "Chapter 4", "{B78BF69C-A09E-4132-B41A-D5B1F9B80DA4}"
EndProject
Project("{2150E333-8FDC-42A3-9474-1A3956D46DE8}") = "Chapter 2", "Chapter 2", "{424429A2-636A-4C7D-AB12-C39F6B83FEF6}"
EndProject
Project("{F2A71F9B-5D33-465A-A702-920D77279786}") = "Ignore", "Ignore\Ignore.fsproj", "{F61E8C52-8B5B-429D-A5E4-69C736269B48}"
EndProject
Project("{F2A71F9B-5D33-465A-A702-920D77279786}") = "Mutable", "Mutable\Mutable.fsproj", "{92B03CDF-ABD3-4459-858B-DE319C903301}"
EndProject
Project("{F2A71F9B-5D33-465A-A702-920D77279786}") = "MutableRecords", "MutableRecords\MutableRecords.fsproj", "{68D47EFD-4DD1-4A55-86E8-89FA384C8BEF}"
EndProject
Project("{F2A71F9B-5D33-465A-A702-920D77279786}") = "RefType", "RefType\RefType.fsproj", "{87B68A5B-71A1-4B98-ACA5-039A5EDE93C1}"
EndProject
Project("{F2A71F9B-5D33-465A-A702-920D77279786}") = "Arrays", "Arrays\Arrays.fsproj", "{3120AA6E-7522-464C-9DD4-0323E0A736AA}"
EndProject
Global
	GlobalSection(SolutionConfigurationPlatforms) = preSolution
		Debug|Any CPU = Debug|Any CPU
		Debug|Mixed Platforms = Debug|Mixed Platforms
		Debug|x86 = Debug|x86
		Release|Any CPU = Release|Any CPU
		Release|Mixed Platforms = Release|Mixed Platforms
		Release|x86 = Release|x86
	EndGlobalSection
	GlobalSection(ProjectConfigurationPlatforms) = postSolution
		{148E355E-43D7-4262-95B6-8A5F4D7D8C99}.Debug|Any CPU.ActiveCfg = Debug|Any CPU
		{148E355E-43D7-4262-95B6-8A5F4D7D8C99}.Debug|Any CPU.Build.0 = Debug|Any CPU
		{148E355E-43D7-4262-95B6-8A5F4D7D8C99}.Debug|Mixed Platforms.ActiveCfg = Debug|Any CPU
		{148E355E-43D7-4262-95B6-8A5F4D7D8C99}.Debug|Mixed Platforms.Build.0 = Debug|Any CPU
		{148E355E-43D7-4262-95B6-8A5F4D7D8C99}.Debug|x86.ActiveCfg = Debug|Any CPU
		{148E355E-43D7-4262-95B6-8A5F4D7D8C99}.Release|Any CPU.ActiveCfg = Release|Any CPU
		{148E355E-43D7-4262-95B6-8A5F4D7D8C99}.Release|Any CPU.Build.0 = Release|Any CPU
		{148E355E-43D7-4262-95B6-8A5F4D7D8C99}.Release|Mixed Platforms.ActiveCfg = Release|Any CPU
		{148E355E-43D7-4262-95B6-8A5F4D7D8C99}.Release|Mixed Platforms.Build.0 = Release|Any CPU
		{148E355E-43D7-4262-95B6-8A5F4D7D8C99}.Release|x86.ActiveCfg = Release|Any CPU
		{CE623FB2-699C-4B3D-B82C-CAFA726136C7}.Debug|Any CPU.ActiveCfg = Debug|Any CPU
		{CE623FB2-699C-4B3D-B82C-CAFA726136C7}.Debug|Any CPU.Build.0 = Debug|Any CPU
		{CE623FB2-699C-4B3D-B82C-CAFA726136C7}.Debug|Mixed Platforms.ActiveCfg = Debug|Any CPU
		{CE623FB2-699C-4B3D-B82C-CAFA726136C7}.Debug|Mixed Platforms.Build.0 = Debug|Any CPU
		{CE623FB2-699C-4B3D-B82C-CAFA726136C7}.Debug|x86.ActiveCfg = Debug|Any CPU
		{CE623FB2-699C-4B3D-B82C-CAFA726136C7}.Release|Any CPU.ActiveCfg = Release|Any CPU
		{CE623FB2-699C-4B3D-B82C-CAFA726136C7}.Release|Any CPU.Build.0 = Release|Any CPU
		{CE623FB2-699C-4B3D-B82C-CAFA726136C7}.Release|Mixed Platforms.ActiveCfg = Release|Any CPU
		{CE623FB2-699C-4B3D-B82C-CAFA726136C7}.Release|Mixed Platforms.Build.0 = Release|Any CPU
		{CE623FB2-699C-4B3D-B82C-CAFA726136C7}.Release|x86.ActiveCfg = Release|Any CPU
		{0EAD0661-C932-43E1-B917-EE799035C41D}.Debug|Any CPU.ActiveCfg = Debug|Any CPU
		{0EAD0661-C932-43E1-B917-EE799035C41D}.Debug|Any CPU.Build.0 = Debug|Any CPU
		{0EAD0661-C932-43E1-B917-EE799035C41D}.Debug|Mixed Platforms.ActiveCfg = Debug|Any CPU
		{0EAD0661-C932-43E1-B917-EE799035C41D}.Debug|Mixed Platforms.Build.0 = Debug|Any CPU
		{0EAD0661-C932-43E1-B917-EE799035C41D}.Debug|x86.ActiveCfg = Debug|Any CPU
		{0EAD0661-C932-43E1-B917-EE799035C41D}.Release|Any CPU.ActiveCfg = Release|Any CPU
		{0EAD0661-C932-43E1-B917-EE799035C41D}.Release|Any CPU.Build.0 = Release|Any CPU
		{0EAD0661-C932-43E1-B917-EE799035C41D}.Release|Mixed Platforms.ActiveCfg = Release|Any CPU
		{0EAD0661-C932-43E1-B917-EE799035C41D}.Release|Mixed Platforms.Build.0 = Release|Any CPU
		{0EAD0661-C932-43E1-B917-EE799035C41D}.Release|x86.ActiveCfg = Release|Any CPU
		{38DCE517-CEA9-422A-A893-9A1642A7D1B0}.Debug|Any CPU.ActiveCfg = Debug|x86
		{38DCE517-CEA9-422A-A893-9A1642A7D1B0}.Debug|Mixed Platforms.ActiveCfg = Debug|x86
		{38DCE517-CEA9-422A-A893-9A1642A7D1B0}.Debug|Mixed Platforms.Build.0 = Debug|x86
		{38DCE517-CEA9-422A-A893-9A1642A7D1B0}.Debug|x86.ActiveCfg = Debug|x86
		{38DCE517-CEA9-422A-A893-9A1642A7D1B0}.Debug|x86.Build.0 = Debug|x86
		{38DCE517-CEA9-422A-A893-9A1642A7D1B0}.Release|Any CPU.ActiveCfg = Release|x86
		{38DCE517-CEA9-422A-A893-9A1642A7D1B0}.Release|Mixed Platforms.ActiveCfg = Release|x86
		{38DCE517-CEA9-422A-A893-9A1642A7D1B0}.Release|Mixed Platforms.Build.0 = Release|x86
		{38DCE517-CEA9-422A-A893-9A1642A7D1B0}.Release|x86.ActiveCfg = Release|x86
		{38DCE517-CEA9-422A-A893-9A1642A7D1B0}.Release|x86.Build.0 = Release|x86
		{CDAD091A-8912-4017-9030-D58103F87574}.Debug|Any CPU.ActiveCfg = Debug|x86
		{CDAD091A-8912-4017-9030-D58103F87574}.Debug|Mixed Platforms.ActiveCfg = Debug|x86
		{CDAD091A-8912-4017-9030-D58103F87574}.Debug|Mixed Platforms.Build.0 = Debug|x86
		{CDAD091A-8912-4017-9030-D58103F87574}.Debug|x86.ActiveCfg = Debug|x86
		{CDAD091A-8912-4017-9030-D58103F87574}.Debug|x86.Build.0 = Debug|x86
		{CDAD091A-8912-4017-9030-D58103F87574}.Release|Any CPU.ActiveCfg = Release|x86
		{CDAD091A-8912-4017-9030-D58103F87574}.Release|Mixed Platforms.ActiveCfg = Release|x86
		{CDAD091A-8912-4017-9030-D58103F87574}.Release|Mixed Platforms.Build.0 = Release|x86
		{CDAD091A-8912-4017-9030-D58103F87574}.Release|x86.ActiveCfg = Release|x86
		{CDAD091A-8912-4017-9030-D58103F87574}.Release|x86.Build.0 = Release|x86
		{3AA13CCA-1D9A-452D-9C28-994A79F49C6A}.Debug|Any CPU.ActiveCfg = Debug|x86
		{3AA13CCA-1D9A-452D-9C28-994A79F49C6A}.Debug|Mixed Platforms.ActiveCfg = Debug|x86
		{3AA13CCA-1D9A-452D-9C28-994A79F49C6A}.Debug|Mixed Platforms.Build.0 = Debug|x86
		{3AA13CCA-1D9A-452D-9C28-994A79F49C6A}.Debug|x86.ActiveCfg = Debug|x86
		{3AA13CCA-1D9A-452D-9C28-994A79F49C6A}.Debug|x86.Build.0 = Debug|x86
		{3AA13CCA-1D9A-452D-9C28-994A79F49C6A}.Release|Any CPU.ActiveCfg = Release|x86
		{3AA13CCA-1D9A-452D-9C28-994A79F49C6A}.Release|Mixed Platforms.ActiveCfg = Release|x86
		{3AA13CCA-1D9A-452D-9C28-994A79F49C6A}.Release|Mixed Platforms.Build.0 = Release|x86
		{3AA13CCA-1D9A-452D-9C28-994A79F49C6A}.Release|x86.ActiveCfg = Release|x86
		{3AA13CCA-1D9A-452D-9C28-994A79F49C6A}.Release|x86.Build.0 = Release|x86
		{E4652A92-38A9-43E0-8BE0-EE982F5E23E5}.Debug|Any CPU.ActiveCfg = Debug|x86
		{E4652A92-38A9-43E0-8BE0-EE982F5E23E5}.Debug|Mixed Platforms.ActiveCfg = Debug|x86
		{E4652A92-38A9-43E0-8BE0-EE982F5E23E5}.Debug|Mixed Platforms.Build.0 = Debug|x86
		{E4652A92-38A9-43E0-8BE0-EE982F5E23E5}.Debug|x86.ActiveCfg = Debug|x86
		{E4652A92-38A9-43E0-8BE0-EE982F5E23E5}.Debug|x86.Build.0 = Debug|x86
		{E4652A92-38A9-43E0-8BE0-EE982F5E23E5}.Release|Any CPU.ActiveCfg = Release|x86
		{E4652A92-38A9-43E0-8BE0-EE982F5E23E5}.Release|Mixed Platforms.ActiveCfg = Release|x86
		{E4652A92-38A9-43E0-8BE0-EE982F5E23E5}.Release|Mixed Platforms.Build.0 = Release|x86
		{E4652A92-38A9-43E0-8BE0-EE982F5E23E5}.Release|x86.ActiveCfg = Release|x86
		{E4652A92-38A9-43E0-8BE0-EE982F5E23E5}.Release|x86.Build.0 = Release|x86
		{F61E8C52-8B5B-429D-A5E4-69C736269B48}.Debug|Any CPU.ActiveCfg = Debug|x86
		{F61E8C52-8B5B-429D-A5E4-69C736269B48}.Debug|Mixed Platforms.ActiveCfg = Debug|x86
		{F61E8C52-8B5B-429D-A5E4-69C736269B48}.Debug|Mixed Platforms.Build.0 = Debug|x86
		{F61E8C52-8B5B-429D-A5E4-69C736269B48}.Debug|x86.ActiveCfg = Debug|x86
		{F61E8C52-8B5B-429D-A5E4-69C736269B48}.Debug|x86.Build.0 = Debug|x86
		{F61E8C52-8B5B-429D-A5E4-69C736269B48}.Release|Any CPU.ActiveCfg = Release|x86
		{F61E8C52-8B5B-429D-A5E4-69C736269B48}.Release|Mixed Platforms.ActiveCfg = Release|x86
		{F61E8C52-8B5B-429D-A5E4-69C736269B48}.Release|Mixed Platforms.Build.0 = Release|x86
		{F61E8C52-8B5B-429D-A5E4-69C736269B48}.Release|x86.ActiveCfg = Release|x86
		{F61E8C52-8B5B-429D-A5E4-69C736269B48}.Release|x86.Build.0 = Release|x86
		{92B03CDF-ABD3-4459-858B-DE319C903301}.Debug|Any CPU.ActiveCfg = Debug|x86
		{92B03CDF-ABD3-4459-858B-DE319C903301}.Debug|Mixed Platforms.ActiveCfg = Debug|x86
		{92B03CDF-ABD3-4459-858B-DE319C903301}.Debug|Mixed Platforms.Build.0 = Debug|x86
		{92B03CDF-ABD3-4459-858B-DE319C903301}.Debug|x86.ActiveCfg = Debug|x86
		{92B03CDF-ABD3-4459-858B-DE319C903301}.Debug|x86.Build.0 = Debug|x86
		{92B03CDF-ABD3-4459-858B-DE319C903301}.Release|Any CPU.ActiveCfg = Release|x86
		{92B03CDF-ABD3-4459-858B-DE319C903301}.Release|Mixed Platforms.ActiveCfg = Release|x86
		{92B03CDF-ABD3-4459-858B-DE319C903301}.Release|Mixed Platforms.Build.0 = Release|x86
		{92B03CDF-ABD3-4459-858B-DE319C903301}.Release|x86.ActiveCfg = Release|x86
		{92B03CDF-ABD3-4459-858B-DE319C903301}.Release|x86.Build.0 = Release|x86
		{68D47EFD-4DD1-4A55-86E8-89FA384C8BEF}.Debug|Any CPU.ActiveCfg = Debug|x86
		{68D47EFD-4DD1-4A55-86E8-89FA384C8BEF}.Debug|Mixed Platforms.ActiveCfg = Debug|x86
		{68D47EFD-4DD1-4A55-86E8-89FA384C8BEF}.Debug|Mixed Platforms.Build.0 = Debug|x86
		{68D47EFD-4DD1-4A55-86E8-89FA384C8BEF}.Debug|x86.ActiveCfg = Debug|x86
		{68D47EFD-4DD1-4A55-86E8-89FA384C8BEF}.Debug|x86.Build.0 = Debug|x86
		{68D47EFD-4DD1-4A55-86E8-89FA384C8BEF}.Release|Any CPU.ActiveCfg = Release|x86
		{68D47EFD-4DD1-4A55-86E8-89FA384C8BEF}.Release|Mixed Platforms.ActiveCfg = Release|x86
		{68D47EFD-4DD1-4A55-86E8-89FA384C8BEF}.Release|Mixed Platforms.Build.0 = Release|x86
		{68D47EFD-4DD1-4A55-86E8-89FA384C8BEF}.Release|x86.ActiveCfg = Release|x86
		{68D47EFD-4DD1-4A55-86E8-89FA384C8BEF}.Release|x86.Build.0 = Release|x86
		{87B68A5B-71A1-4B98-ACA5-039A5EDE93C1}.Debug|Any CPU.ActiveCfg = Debug|x86
		{87B68A5B-71A1-4B98-ACA5-039A5EDE93C1}.Debug|Mixed Platforms.ActiveCfg = Debug|x86
		{87B68A5B-71A1-4B98-ACA5-039A5EDE93C1}.Debug|Mixed Platforms.Build.0 = Debug|x86
		{87B68A5B-71A1-4B98-ACA5-039A5EDE93C1}.Debug|x86.ActiveCfg = Debug|x86
		{87B68A5B-71A1-4B98-ACA5-039A5EDE93C1}.Debug|x86.Build.0 = Debug|x86
		{87B68A5B-71A1-4B98-ACA5-039A5EDE93C1}.Release|Any CPU.ActiveCfg = Release|x86
		{87B68A5B-71A1-4B98-ACA5-039A5EDE93C1}.Release|Mixed Platforms.ActiveCfg = Release|x86
		{87B68A5B-71A1-4B98-ACA5-039A5EDE93C1}.Release|Mixed Platforms.Build.0 = Release|x86
		{87B68A5B-71A1-4B98-ACA5-039A5EDE93C1}.Release|x86.ActiveCfg = Release|x86
		{87B68A5B-71A1-4B98-ACA5-039A5EDE93C1}.Release|x86.Build.0 = Release|x86
		{3120AA6E-7522-464C-9DD4-0323E0A736AA}.Debug|Any CPU.ActiveCfg = Debug|x86
		{3120AA6E-7522-464C-9DD4-0323E0A736AA}.Debug|Mixed Platforms.ActiveCfg = Debug|x86
		{3120AA6E-7522-464C-9DD4-0323E0A736AA}.Debug|Mixed Platforms.Build.0 = Debug|x86
		{3120AA6E-7522-464C-9DD4-0323E0A736AA}.Debug|x86.ActiveCfg = Debug|x86
		{3120AA6E-7522-464C-9DD4-0323E0A736AA}.Debug|x86.Build.0 = Debug|x86
		{3120AA6E-7522-464C-9DD4-0323E0A736AA}.Release|Any CPU.ActiveCfg = Release|x86
		{3120AA6E-7522-464C-9DD4-0323E0A736AA}.Release|Mixed Platforms.ActiveCfg = Release|x86
		{3120AA6E-7522-464C-9DD4-0323E0A736AA}.Release|Mixed Platforms.Build.0 = Release|x86
		{3120AA6E-7522-464C-9DD4-0323E0A736AA}.Release|x86.ActiveCfg = Release|x86
		{3120AA6E-7522-464C-9DD4-0323E0A736AA}.Release|x86.Build.0 = Release|x86
	EndGlobalSection
	GlobalSection(SolutionProperties) = preSolution
		HideSolutionNode = FALSE
	EndGlobalSection
	GlobalSection(NestedProjects) = preSolution
		{30C31C42-0166-4859-8A94-4293FD3C7315} = {72722574-F4A1-4940-96F0-E992A22D7D42}
		{148E355E-43D7-4262-95B6-8A5F4D7D8C99} = {72722574-F4A1-4940-96F0-E992A22D7D42}
		{CDAD091A-8912-4017-9030-D58103F87574} = {72722574-F4A1-4940-96F0-E992A22D7D42}
		{3AA13CCA-1D9A-452D-9C28-994A79F49C6A} = {72722574-F4A1-4940-96F0-E992A22D7D42}
		{E4652A92-38A9-43E0-8BE0-EE982F5E23E5} = {72722574-F4A1-4940-96F0-E992A22D7D42}
		{0EAD0661-C932-43E1-B917-EE799035C41D} = {30C31C42-0166-4859-8A94-4293FD3C7315}
		{38DCE517-CEA9-422A-A893-9A1642A7D1B0} = {30C31C42-0166-4859-8A94-4293FD3C7315}
		{CE623FB2-699C-4B3D-B82C-CAFA726136C7} = {30C31C42-0166-4859-8A94-4293FD3C7315}
		{F61E8C52-8B5B-429D-A5E4-69C736269B48} = {B78BF69C-A09E-4132-B41A-D5B1F9B80DA4}
		{92B03CDF-ABD3-4459-858B-DE319C903301} = {B78BF69C-A09E-4132-B41A-D5B1F9B80DA4}
		{68D47EFD-4DD1-4A55-86E8-89FA384C8BEF} = {B78BF69C-A09E-4132-B41A-D5B1F9B80DA4}
		{87B68A5B-71A1-4B98-ACA5-039A5EDE93C1} = {B78BF69C-A09E-4132-B41A-D5B1F9B80DA4}
		{3120AA6E-7522-464C-9DD4-0323E0A736AA} = {B78BF69C-A09E-4132-B41A-D5B1F9B80DA4}
	EndGlobalSection
EndGlobal
